{
  "version": 4,
  "terraform_version": "1.6.4",
  "serial": 546,
  "lineage": "797b2376-f8c9-9d5a-0b2b-a2ec1f15023b",
  "outputs": {
    "dns": {
      "value": {
        "compartment_id": "ocid1.compartment.oc1..aaaaaaaanfutlss2ndwqusftp5yz3g2oaxgf3zvbzsbxc2n4a5aq3nrlynsa",
        "domain": "rancher.ronsal.com.br",
        "id": "DnsRrsetDataSource-4236008041",
        "items": [],
        "rtype": "A",
        "scope": null,
        "view_id": null,
        "zone_name_or_id": "ocid1.dns-zone.oc1..aaaaaaaalglnlvvuizbyt22ir2wbrsx37w2zdktwdzymixn7gzjptbelwnja",
        "zone_version": null
      },
      "type": [
        "object",
        {
          "compartment_id": "string",
          "domain": "string",
          "id": "string",
          "items": [
            "list",
            [
              "object",
              {
                "domain": "string",
                "is_protected": "bool",
                "rdata": "string",
                "record_hash": "string",
                "rrset_version": "string",
                "rtype": "string",
                "ttl": "number"
              }
            ]
          ],
          "rtype": "string",
          "scope": "string",
          "view_id": "string",
          "zone_name_or_id": "string",
          "zone_version": "string"
        }
      ]
    },
    "instances": {
      "value": {
        "k8s-1 :: RUNNING": {
          "CPU": 4,
          "Memory": 8,
          "Name": "k8s-1",
          "PrivateIP": "10.0.0.152",
          "PublicIP": "146.235.51.239"
        },
        "k8s-2 :: RUNNING": {
          "CPU": 4,
          "Memory": 8,
          "Name": "k8s-2",
          "PrivateIP": "10.0.0.121",
          "PublicIP": "168.138.124.134"
        },
        "rancher-server :: RUNNING": {
          "CPU": 4,
          "Memory": 8,
          "Name": "rancher-server",
          "PrivateIP": "10.0.0.136",
          "PublicIP": "129.148.63.254"
        }
      },
      "type": [
        "object",
        {
          "k8s-1 :: RUNNING": [
            "object",
            {
              "CPU": "number",
              "Memory": "number",
              "Name": "string",
              "PrivateIP": "string",
              "PublicIP": "string"
            }
          ],
          "k8s-2 :: RUNNING": [
            "object",
            {
              "CPU": "number",
              "Memory": "number",
              "Name": "string",
              "PrivateIP": "string",
              "PublicIP": "string"
            }
          ],
          "rancher-server :: RUNNING": [
            "object",
            {
              "CPU": "number",
              "Memory": "number",
              "Name": "string",
              "PrivateIP": "string",
              "PublicIP": "string"
            }
          ]
        }
      ]
    }
  },
  "resources": [
    {
      "mode": "data",
      "type": "oci_dns_rrset",
      "name": "dns",
      "provider": "provider[\"registry.terraform.io/hashicorp/oci\"]",
      "instances": [
        {
          "schema_version": 0,
          "attributes": {
            "compartment_id": "ocid1.compartment.oc1..aaaaaaaanfutlss2ndwqusftp5yz3g2oaxgf3zvbzsbxc2n4a5aq3nrlynsa",
            "domain": "rancher.ronsal.com.br",
            "id": "DnsRrsetDataSource-4236008041",
            "items": [],
            "rtype": "A",
            "scope": null,
            "view_id": null,
            "zone_name_or_id": "ocid1.dns-zone.oc1..aaaaaaaalglnlvvuizbyt22ir2wbrsx37w2zdktwdzymixn7gzjptbelwnja",
            "zone_version": null
          },
          "sensitive_attributes": []
        }
      ]
    },
    {
      "mode": "data",
      "type": "oci_identity_availability_domains",
      "name": "ads",
      "provider": "provider[\"registry.terraform.io/hashicorp/oci\"]",
      "instances": [
        {
          "schema_version": 0,
          "attributes": {
            "availability_domains": [
              {
                "compartment_id": "ocid1.tenancy.oc1..aaaaaaaa6dbrwy2numyb7mh44ddpvczygscf7lv4i3f7gfqg27hzq6z6ty3a",
                "id": "ocid1.availabilitydomain.oc1..aaaaaaaay5nesbty7quxigdwtp7axotkcglzi43jvfrnwvbv4dgjerqwxf5a",
                "name": "otyN:SA-SAOPAULO-1-AD-1"
              }
            ],
            "compartment_id": "ocid1.tenancy.oc1..aaaaaaaa6dbrwy2numyb7mh44ddpvczygscf7lv4i3f7gfqg27hzq6z6ty3a",
            "filter": null,
            "id": "IdentityAvailabilityDomainsDataSource-3205544386"
          },
          "sensitive_attributes": []
        }
      ]
    },
    {
      "mode": "data",
      "type": "template_file",
      "name": "k8s-1-cloud-config",
      "provider": "provider[\"registry.terraform.io/hashicorp/template\"]",
      "instances": [
        {
          "schema_version": 0,
          "attributes": {
            "filename": null,
            "id": "5b2c231b37085a622f8ead04063c6eeedbc750b6960224300e4b0e5e1dd6e7dc",
            "rendered": "#cloud-config\n\nwrite_files:\n  -   path: /home/ubuntu/setup.sh\n      defer: true\n      permissions: \"0777\"\n      owner: ubuntu:ubuntu\n      encoding: b64\n      content: IyEvYmluL2Jhc2gKc3VkbyBjdXJsIGh0dHBzOi8vcmVsZWFzZXMucmFuY2hlci5jb20vaW5zdGFsbC1kb2NrZXIvMjAuMTAuc2ggfCBzaApzdWRvIHVzZXJtb2QgLWFHIGRvY2tlciB1YnVudHUKc3VkbyBzZWQgLWkgLWUgJyRhbmV0LmJyaWRnZS5icmlkZ2UtbmYtY2FsbC1pcHRhYmxlcz0xJyAvZXRjL3N5c2N0bC5jb25mCnN1ZG8gc3lzY3RsIC1wIC9ldGMvc3lzY3RsLmNvbmYKaWYgWyAkKGhvc3RuYW1lKSA9PSAicmFuY2hlci1zZXJ2ZXIiIF0KdGhlbgogIHN1ZG8gZG9ja2VyIHJ1biAtZCAtLXJlc3RhcnQ9dW5sZXNzLXN0b3BwZWQgLXAgODA6ODAgLXAgNDQzOjQ0MyAtdiAvb3B0L3JhbmNoZXI6L3Zhci9saWIvcmFuY2hlciAtLXByaXZpbGVnZWQgcmFuY2hlci9yYW5jaGVyOnN0YWJsZQpmaQ==\n\nruncmd:\n - bash /home/ubuntu/setup.sh\n",
            "template": "#cloud-config\n\nwrite_files:\n  -   path: /home/ubuntu/setup.sh\n      defer: true\n      permissions: \"0777\"\n      owner: ubuntu:ubuntu\n      encoding: b64\n      content: ${setup}\n\nruncmd:\n - bash /home/ubuntu/setup.sh\n",
            "vars": {
              "setup": "IyEvYmluL2Jhc2gKc3VkbyBjdXJsIGh0dHBzOi8vcmVsZWFzZXMucmFuY2hlci5jb20vaW5zdGFsbC1kb2NrZXIvMjAuMTAuc2ggfCBzaApzdWRvIHVzZXJtb2QgLWFHIGRvY2tlciB1YnVudHUKc3VkbyBzZWQgLWkgLWUgJyRhbmV0LmJyaWRnZS5icmlkZ2UtbmYtY2FsbC1pcHRhYmxlcz0xJyAvZXRjL3N5c2N0bC5jb25mCnN1ZG8gc3lzY3RsIC1wIC9ldGMvc3lzY3RsLmNvbmYKaWYgWyAkKGhvc3RuYW1lKSA9PSAicmFuY2hlci1zZXJ2ZXIiIF0KdGhlbgogIHN1ZG8gZG9ja2VyIHJ1biAtZCAtLXJlc3RhcnQ9dW5sZXNzLXN0b3BwZWQgLXAgODA6ODAgLXAgNDQzOjQ0MyAtdiAvb3B0L3JhbmNoZXI6L3Zhci9saWIvcmFuY2hlciAtLXByaXZpbGVnZWQgcmFuY2hlci9yYW5jaGVyOnN0YWJsZQpmaQ=="
            }
          },
          "sensitive_attributes": []
        }
      ]
    },
    {
      "mode": "data",
      "type": "template_file",
      "name": "k8s-2-cloud-config",
      "provider": "provider[\"registry.terraform.io/hashicorp/template\"]",
      "instances": [
        {
          "schema_version": 0,
          "attributes": {
            "filename": null,
            "id": "5b2c231b37085a622f8ead04063c6eeedbc750b6960224300e4b0e5e1dd6e7dc",
            "rendered": "#cloud-config\n\nwrite_files:\n  -   path: /home/ubuntu/setup.sh\n      defer: true\n      permissions: \"0777\"\n      owner: ubuntu:ubuntu\n      encoding: b64\n      content: IyEvYmluL2Jhc2gKc3VkbyBjdXJsIGh0dHBzOi8vcmVsZWFzZXMucmFuY2hlci5jb20vaW5zdGFsbC1kb2NrZXIvMjAuMTAuc2ggfCBzaApzdWRvIHVzZXJtb2QgLWFHIGRvY2tlciB1YnVudHUKc3VkbyBzZWQgLWkgLWUgJyRhbmV0LmJyaWRnZS5icmlkZ2UtbmYtY2FsbC1pcHRhYmxlcz0xJyAvZXRjL3N5c2N0bC5jb25mCnN1ZG8gc3lzY3RsIC1wIC9ldGMvc3lzY3RsLmNvbmYKaWYgWyAkKGhvc3RuYW1lKSA9PSAicmFuY2hlci1zZXJ2ZXIiIF0KdGhlbgogIHN1ZG8gZG9ja2VyIHJ1biAtZCAtLXJlc3RhcnQ9dW5sZXNzLXN0b3BwZWQgLXAgODA6ODAgLXAgNDQzOjQ0MyAtdiAvb3B0L3JhbmNoZXI6L3Zhci9saWIvcmFuY2hlciAtLXByaXZpbGVnZWQgcmFuY2hlci9yYW5jaGVyOnN0YWJsZQpmaQ==\n\nruncmd:\n - bash /home/ubuntu/setup.sh\n",
            "template": "#cloud-config\n\nwrite_files:\n  -   path: /home/ubuntu/setup.sh\n      defer: true\n      permissions: \"0777\"\n      owner: ubuntu:ubuntu\n      encoding: b64\n      content: ${setup}\n\nruncmd:\n - bash /home/ubuntu/setup.sh\n",
            "vars": {
              "setup": "IyEvYmluL2Jhc2gKc3VkbyBjdXJsIGh0dHBzOi8vcmVsZWFzZXMucmFuY2hlci5jb20vaW5zdGFsbC1kb2NrZXIvMjAuMTAuc2ggfCBzaApzdWRvIHVzZXJtb2QgLWFHIGRvY2tlciB1YnVudHUKc3VkbyBzZWQgLWkgLWUgJyRhbmV0LmJyaWRnZS5icmlkZ2UtbmYtY2FsbC1pcHRhYmxlcz0xJyAvZXRjL3N5c2N0bC5jb25mCnN1ZG8gc3lzY3RsIC1wIC9ldGMvc3lzY3RsLmNvbmYKaWYgWyAkKGhvc3RuYW1lKSA9PSAicmFuY2hlci1zZXJ2ZXIiIF0KdGhlbgogIHN1ZG8gZG9ja2VyIHJ1biAtZCAtLXJlc3RhcnQ9dW5sZXNzLXN0b3BwZWQgLXAgODA6ODAgLXAgNDQzOjQ0MyAtdiAvb3B0L3JhbmNoZXI6L3Zhci9saWIvcmFuY2hlciAtLXByaXZpbGVnZWQgcmFuY2hlci9yYW5jaGVyOnN0YWJsZQpmaQ=="
            }
          },
          "sensitive_attributes": []
        }
      ]
    },
    {
      "mode": "data",
      "type": "template_file",
      "name": "rancher-server-cloud-config",
      "provider": "provider[\"registry.terraform.io/hashicorp/template\"]",
      "instances": [
        {
          "schema_version": 0,
          "attributes": {
            "filename": null,
            "id": "5b2c231b37085a622f8ead04063c6eeedbc750b6960224300e4b0e5e1dd6e7dc",
            "rendered": "#cloud-config\n\nwrite_files:\n  -   path: /home/ubuntu/setup.sh\n      defer: true\n      permissions: \"0777\"\n      owner: ubuntu:ubuntu\n      encoding: b64\n      content: IyEvYmluL2Jhc2gKc3VkbyBjdXJsIGh0dHBzOi8vcmVsZWFzZXMucmFuY2hlci5jb20vaW5zdGFsbC1kb2NrZXIvMjAuMTAuc2ggfCBzaApzdWRvIHVzZXJtb2QgLWFHIGRvY2tlciB1YnVudHUKc3VkbyBzZWQgLWkgLWUgJyRhbmV0LmJyaWRnZS5icmlkZ2UtbmYtY2FsbC1pcHRhYmxlcz0xJyAvZXRjL3N5c2N0bC5jb25mCnN1ZG8gc3lzY3RsIC1wIC9ldGMvc3lzY3RsLmNvbmYKaWYgWyAkKGhvc3RuYW1lKSA9PSAicmFuY2hlci1zZXJ2ZXIiIF0KdGhlbgogIHN1ZG8gZG9ja2VyIHJ1biAtZCAtLXJlc3RhcnQ9dW5sZXNzLXN0b3BwZWQgLXAgODA6ODAgLXAgNDQzOjQ0MyAtdiAvb3B0L3JhbmNoZXI6L3Zhci9saWIvcmFuY2hlciAtLXByaXZpbGVnZWQgcmFuY2hlci9yYW5jaGVyOnN0YWJsZQpmaQ==\n\nruncmd:\n - bash /home/ubuntu/setup.sh\n",
            "template": "#cloud-config\n\nwrite_files:\n  -   path: /home/ubuntu/setup.sh\n      defer: true\n      permissions: \"0777\"\n      owner: ubuntu:ubuntu\n      encoding: b64\n      content: ${setup}\n\nruncmd:\n - bash /home/ubuntu/setup.sh\n",
            "vars": {
              "setup": "IyEvYmluL2Jhc2gKc3VkbyBjdXJsIGh0dHBzOi8vcmVsZWFzZXMucmFuY2hlci5jb20vaW5zdGFsbC1kb2NrZXIvMjAuMTAuc2ggfCBzaApzdWRvIHVzZXJtb2QgLWFHIGRvY2tlciB1YnVudHUKc3VkbyBzZWQgLWkgLWUgJyRhbmV0LmJyaWRnZS5icmlkZ2UtbmYtY2FsbC1pcHRhYmxlcz0xJyAvZXRjL3N5c2N0bC5jb25mCnN1ZG8gc3lzY3RsIC1wIC9ldGMvc3lzY3RsLmNvbmYKaWYgWyAkKGhvc3RuYW1lKSA9PSAicmFuY2hlci1zZXJ2ZXIiIF0KdGhlbgogIHN1ZG8gZG9ja2VyIHJ1biAtZCAtLXJlc3RhcnQ9dW5sZXNzLXN0b3BwZWQgLXAgODA6ODAgLXAgNDQzOjQ0MyAtdiAvb3B0L3JhbmNoZXI6L3Zhci9saWIvcmFuY2hlciAtLXByaXZpbGVnZWQgcmFuY2hlci9yYW5jaGVyOnN0YWJsZQpmaQ=="
            }
          },
          "sensitive_attributes": []
        }
      ]
    },
    {
      "mode": "managed",
      "type": "oci_core_instance",
      "name": "k8s-1",
      "provider": "provider[\"registry.terraform.io/hashicorp/oci\"]",
      "instances": [
        {
          "schema_version": 0,
          "attributes": {
            "agent_config": [
              {
                "are_all_plugins_disabled": false,
                "is_management_disabled": false,
                "is_monitoring_disabled": false,
                "plugins_config": []
              }
            ],
            "async": null,
            "availability_config": [
              {
                "is_live_migration_preferred": false,
                "recovery_action": "RESTORE_INSTANCE"
              }
            ],
            "availability_domain": "otyN:SA-SAOPAULO-1-AD-1",
            "boot_volume_id": "ocid1.bootvolume.oc1.sa-saopaulo-1.abtxeljrekxxpxrknua5l225jwsnfpe3faqa4kmtiw2s5updlsqodentpeza",
            "capacity_reservation_id": null,
            "compartment_id": "ocid1.compartment.oc1..aaaaaaaanfutlss2ndwqusftp5yz3g2oaxgf3zvbzsbxc2n4a5aq3nrlynsa",
            "compute_cluster_id": null,
            "create_vnic_details": [
              {
                "assign_ipv6ip": false,
                "assign_private_dns_record": false,
                "assign_public_ip": "true",
                "defined_tags": {
                  "Oracle-Tags.CreatedBy": "default/leandrolsnr@gmail.com",
                  "Oracle-Tags.CreatedOn": "2023-11-27T17:01:52.297Z"
                },
                "display_name": "k8s-1",
                "freeform_tags": {},
                "hostname_label": "k8s-1",
                "ipv6address_ipv6subnet_cidr_pair_details": [],
                "nsg_ids": [],
                "private_ip": "10.0.0.152",
                "skip_source_dest_check": false,
                "subnet_id": "ocid1.subnet.oc1.sa-saopaulo-1.aaaaaaaamtlphhnbskdgzrusk5af4agz4htyfdxdhrdwi2co4cctmhbbnhpa",
                "vlan_id": ""
              }
            ],
            "dedicated_vm_host_id": null,
            "defined_tags": {
              "Oracle-Tags.CreatedBy": "default/leandrolsnr@gmail.com",
              "Oracle-Tags.CreatedOn": "2023-11-27T17:01:52.135Z"
            },
            "display_name": "k8s-1",
            "extended_metadata": {},
            "fault_domain": "FAULT-DOMAIN-3",
            "freeform_tags": {},
            "hostname_label": "k8s-1",
            "id": "ocid1.instance.oc1.sa-saopaulo-1.antxeljrywwesnaccr6ah4szp23xm7w77ievfubsdvronlr7p65yf7tggwsq",
            "image": "ocid1.image.oc1.sa-saopaulo-1.aaaaaaaaaqqu7h5rkavka5z2343l64qdfp445c6wyfbmvrphmoy4377xa4aa",
            "instance_configuration_id": null,
            "instance_options": [
              {
                "are_legacy_imds_endpoints_disabled": false
              }
            ],
            "ipxe_script": null,
            "is_cross_numa_node": false,
            "is_pv_encryption_in_transit_enabled": null,
            "launch_mode": "PARAVIRTUALIZED",
            "launch_options": [
              {
                "boot_volume_type": "PARAVIRTUALIZED",
                "firmware": "UEFI_64",
                "is_consistent_volume_naming_enabled": true,
                "is_pv_encryption_in_transit_enabled": false,
                "network_type": "PARAVIRTUALIZED",
                "remote_data_volume_type": "PARAVIRTUALIZED"
              }
            ],
            "metadata": {
              "ssh_authorized_keys": "ssh-rsa AAAAB3NzaC1yc2EAAAADAQABAAABgQCmMRGj3f+fwqjkkw2kfC9WC/clfC8oJkdPOOfU055Q6HmMrYRCZ77MRS6NoLjnon2RvA9MXebCko8hBuX1/75LN3CnXesqysuHjcwg8Ee5rMHopORX6ikx/XanNCRx1rLM1Gx7eD5TqIg5PyxIGDmJZqIqkFHhnZk5nPpnOZJXhhX4QAfZnpPiIo3XHWeC3YwUzeC+PFAU3fD0Rznttua930dXzm6bI3ft7SjBtD5xqWv3pgzAy3/6yzNMsjA2KPOM9UHHVUwUEbO13HRBOrqZdvCQG106gjYrRtvir0Q86PlpxhZhUbpS/oUISJnlXzYhT6HXSoew9j/dn7DDUxNzw6sa5moUKLIbkTBAxNjOKbJho1NIlqoSXio4SZqN5LoNA0z5ALsVdPliPd0ZYpMHw/QvgkS+BZtgUa5w19Max3oove8i26zCyxBaBVfQk4XKVt/kjrEo7Dwt+ukw62YJp1LcovkuYyzLOxCfBBrSCHNfQ7APoYW3QfENzyP7aTk= .ronsal@Leandros-iMac-Pro.local\n",
              "user_data": "I2Nsb3VkLWNvbmZpZwoKd3JpdGVfZmlsZXM6CiAgLSAgIHBhdGg6IC9ob21lL3VidW50dS9zZXR1cC5zaAogICAgICBkZWZlcjogdHJ1ZQogICAgICBwZXJtaXNzaW9uczogIjA3NzciCiAgICAgIG93bmVyOiB1YnVudHU6dWJ1bnR1CiAgICAgIGVuY29kaW5nOiBiNjQKICAgICAgY29udGVudDogSXlFdlltbHVMMkpoYzJnS2MzVmtieUJqZFhKc0lHaDBkSEJ6T2k4dmNtVnNaV0Z6WlhNdWNtRnVZMmhsY2k1amIyMHZhVzV6ZEdGc2JDMWtiMk5yWlhJdk1qQXVNVEF1YzJnZ2ZDQnphQXB6ZFdSdklIVnpaWEp0YjJRZ0xXRkhJR1J2WTJ0bGNpQjFZblZ1ZEhVS2MzVmtieUJ6WldRZ0xXa2dMV1VnSnlSaGJtVjBMbUp5YVdSblpTNWljbWxrWjJVdGJtWXRZMkZzYkMxcGNIUmhZbXhsY3oweEp5QXZaWFJqTDNONWMyTjBiQzVqYjI1bUNuTjFaRzhnYzNselkzUnNJQzF3SUM5bGRHTXZjM2x6WTNSc0xtTnZibVlLYVdZZ1d5QWtLR2h2YzNSdVlXMWxLU0E5UFNBaWNtRnVZMmhsY2kxelpYSjJaWElpSUYwS2RHaGxiZ29nSUhOMVpHOGdaRzlqYTJWeUlISjFiaUF0WkNBdExYSmxjM1JoY25ROWRXNXNaWE56TFhOMGIzQndaV1FnTFhBZ09EQTZPREFnTFhBZ05EUXpPalEwTXlBdGRpQXZiM0IwTDNKaGJtTm9aWEk2TDNaaGNpOXNhV0l2Y21GdVkyaGxjaUF0TFhCeWFYWnBiR1ZuWldRZ2NtRnVZMmhsY2k5eVlXNWphR1Z5T25OMFlXSnNaUXBtYVE9PQoKcnVuY21kOgogLSBiYXNoIC9ob21lL3VidW50dS9zZXR1cC5zaAo="
            },
            "platform_config": [],
            "preemptible_instance_config": [],
            "preserve_boot_volume": null,
            "private_ip": "10.0.0.152",
            "public_ip": "146.235.51.239",
            "region": "sa-saopaulo-1",
            "shape": "VM.Standard.E3.Flex",
            "shape_config": [
              {
                "baseline_ocpu_utilization": "",
                "gpu_description": "",
                "gpus": 0,
                "local_disk_description": "",
                "local_disks": 0,
                "local_disks_total_size_in_gbs": 0,
                "max_vnic_attachments": 4,
                "memory_in_gbs": 8,
                "networking_bandwidth_in_gbps": 4,
                "nvmes": 0,
                "ocpus": 4,
                "processor_description": "2.25 GHz AMD EPYC™ 7742 (Rome)",
                "vcpus": 8
              }
            ],
            "source_details": [
              {
                "boot_volume_size_in_gbs": "50",
                "boot_volume_vpus_per_gb": "10",
                "instance_source_image_filter_details": [],
                "kms_key_id": "",
                "source_id": "ocid1.image.oc1.sa-saopaulo-1.aaaaaaaaaqqu7h5rkavka5z2343l64qdfp445c6wyfbmvrphmoy4377xa4aa",
                "source_type": "image"
              }
            ],
            "state": "RUNNING",
            "subnet_id": "ocid1.subnet.oc1.sa-saopaulo-1.aaaaaaaamtlphhnbskdgzrusk5af4agz4htyfdxdhrdwi2co4cctmhbbnhpa",
            "system_tags": {},
            "time_created": "2023-11-27 17:01:52.565 +0000 UTC",
            "time_maintenance_reboot_due": "",
            "timeouts": null,
            "update_operation_constraint": null
          },
          "sensitive_attributes": [],
          "private": "eyJlMmJmYjczMC1lY2FhLTExZTYtOGY4OC0zNDM2M2JjN2M0YzAiOnsiY3JlYXRlIjoyNzAwMDAwMDAwMDAwLCJkZWxldGUiOjQ1MDAwMDAwMDAwMDAsInVwZGF0ZSI6MjcwMDAwMDAwMDAwMH19",
          "dependencies": [
            "data.oci_identity_availability_domains.ads",
            "data.template_file.k8s-1-cloud-config"
          ]
        }
      ]
    },
    {
      "mode": "managed",
      "type": "oci_core_instance",
      "name": "k8s-2",
      "provider": "provider[\"registry.terraform.io/hashicorp/oci\"]",
      "instances": [
        {
          "schema_version": 0,
          "attributes": {
            "agent_config": [
              {
                "are_all_plugins_disabled": false,
                "is_management_disabled": false,
                "is_monitoring_disabled": false,
                "plugins_config": []
              }
            ],
            "async": null,
            "availability_config": [
              {
                "is_live_migration_preferred": false,
                "recovery_action": "RESTORE_INSTANCE"
              }
            ],
            "availability_domain": "otyN:SA-SAOPAULO-1-AD-1",
            "boot_volume_id": "ocid1.bootvolume.oc1.sa-saopaulo-1.abtxeljr5uir6pbgn5ispycwgq7g5sxhcdte44754qmajlhxiqx2a5ya2f4a",
            "capacity_reservation_id": null,
            "compartment_id": "ocid1.compartment.oc1..aaaaaaaanfutlss2ndwqusftp5yz3g2oaxgf3zvbzsbxc2n4a5aq3nrlynsa",
            "compute_cluster_id": null,
            "create_vnic_details": [
              {
                "assign_ipv6ip": false,
                "assign_private_dns_record": false,
                "assign_public_ip": "true",
                "defined_tags": {
                  "Oracle-Tags.CreatedBy": "default/leandrolsnr@gmail.com",
                  "Oracle-Tags.CreatedOn": "2023-11-27T17:01:52.402Z"
                },
                "display_name": "k8s-2",
                "freeform_tags": {},
                "hostname_label": "k8s-2",
                "ipv6address_ipv6subnet_cidr_pair_details": [],
                "nsg_ids": [],
                "private_ip": "10.0.0.121",
                "skip_source_dest_check": false,
                "subnet_id": "ocid1.subnet.oc1.sa-saopaulo-1.aaaaaaaamtlphhnbskdgzrusk5af4agz4htyfdxdhrdwi2co4cctmhbbnhpa",
                "vlan_id": ""
              }
            ],
            "dedicated_vm_host_id": null,
            "defined_tags": {
              "Oracle-Tags.CreatedBy": "default/leandrolsnr@gmail.com",
              "Oracle-Tags.CreatedOn": "2023-11-27T17:01:52.306Z"
            },
            "display_name": "k8s-2",
            "extended_metadata": {},
            "fault_domain": "FAULT-DOMAIN-3",
            "freeform_tags": {},
            "hostname_label": "k8s-2",
            "id": "ocid1.instance.oc1.sa-saopaulo-1.antxeljrywwesnacvsgeexanm6uyormggy6z6ki745474cgwjcjrajsykiaa",
            "image": "ocid1.image.oc1.sa-saopaulo-1.aaaaaaaaaqqu7h5rkavka5z2343l64qdfp445c6wyfbmvrphmoy4377xa4aa",
            "instance_configuration_id": null,
            "instance_options": [
              {
                "are_legacy_imds_endpoints_disabled": false
              }
            ],
            "ipxe_script": null,
            "is_cross_numa_node": false,
            "is_pv_encryption_in_transit_enabled": null,
            "launch_mode": "PARAVIRTUALIZED",
            "launch_options": [
              {
                "boot_volume_type": "PARAVIRTUALIZED",
                "firmware": "UEFI_64",
                "is_consistent_volume_naming_enabled": true,
                "is_pv_encryption_in_transit_enabled": false,
                "network_type": "PARAVIRTUALIZED",
                "remote_data_volume_type": "PARAVIRTUALIZED"
              }
            ],
            "metadata": {
              "ssh_authorized_keys": "ssh-rsa AAAAB3NzaC1yc2EAAAADAQABAAABgQCmMRGj3f+fwqjkkw2kfC9WC/clfC8oJkdPOOfU055Q6HmMrYRCZ77MRS6NoLjnon2RvA9MXebCko8hBuX1/75LN3CnXesqysuHjcwg8Ee5rMHopORX6ikx/XanNCRx1rLM1Gx7eD5TqIg5PyxIGDmJZqIqkFHhnZk5nPpnOZJXhhX4QAfZnpPiIo3XHWeC3YwUzeC+PFAU3fD0Rznttua930dXzm6bI3ft7SjBtD5xqWv3pgzAy3/6yzNMsjA2KPOM9UHHVUwUEbO13HRBOrqZdvCQG106gjYrRtvir0Q86PlpxhZhUbpS/oUISJnlXzYhT6HXSoew9j/dn7DDUxNzw6sa5moUKLIbkTBAxNjOKbJho1NIlqoSXio4SZqN5LoNA0z5ALsVdPliPd0ZYpMHw/QvgkS+BZtgUa5w19Max3oove8i26zCyxBaBVfQk4XKVt/kjrEo7Dwt+ukw62YJp1LcovkuYyzLOxCfBBrSCHNfQ7APoYW3QfENzyP7aTk= .ronsal@Leandros-iMac-Pro.local\n",
              "user_data": "I2Nsb3VkLWNvbmZpZwoKd3JpdGVfZmlsZXM6CiAgLSAgIHBhdGg6IC9ob21lL3VidW50dS9zZXR1cC5zaAogICAgICBkZWZlcjogdHJ1ZQogICAgICBwZXJtaXNzaW9uczogIjA3NzciCiAgICAgIG93bmVyOiB1YnVudHU6dWJ1bnR1CiAgICAgIGVuY29kaW5nOiBiNjQKICAgICAgY29udGVudDogSXlFdlltbHVMMkpoYzJnS2MzVmtieUJqZFhKc0lHaDBkSEJ6T2k4dmNtVnNaV0Z6WlhNdWNtRnVZMmhsY2k1amIyMHZhVzV6ZEdGc2JDMWtiMk5yWlhJdk1qQXVNVEF1YzJnZ2ZDQnphQXB6ZFdSdklIVnpaWEp0YjJRZ0xXRkhJR1J2WTJ0bGNpQjFZblZ1ZEhVS2MzVmtieUJ6WldRZ0xXa2dMV1VnSnlSaGJtVjBMbUp5YVdSblpTNWljbWxrWjJVdGJtWXRZMkZzYkMxcGNIUmhZbXhsY3oweEp5QXZaWFJqTDNONWMyTjBiQzVqYjI1bUNuTjFaRzhnYzNselkzUnNJQzF3SUM5bGRHTXZjM2x6WTNSc0xtTnZibVlLYVdZZ1d5QWtLR2h2YzNSdVlXMWxLU0E5UFNBaWNtRnVZMmhsY2kxelpYSjJaWElpSUYwS2RHaGxiZ29nSUhOMVpHOGdaRzlqYTJWeUlISjFiaUF0WkNBdExYSmxjM1JoY25ROWRXNXNaWE56TFhOMGIzQndaV1FnTFhBZ09EQTZPREFnTFhBZ05EUXpPalEwTXlBdGRpQXZiM0IwTDNKaGJtTm9aWEk2TDNaaGNpOXNhV0l2Y21GdVkyaGxjaUF0TFhCeWFYWnBiR1ZuWldRZ2NtRnVZMmhsY2k5eVlXNWphR1Z5T25OMFlXSnNaUXBtYVE9PQoKcnVuY21kOgogLSBiYXNoIC9ob21lL3VidW50dS9zZXR1cC5zaAo="
            },
            "platform_config": [],
            "preemptible_instance_config": [],
            "preserve_boot_volume": null,
            "private_ip": "10.0.0.121",
            "public_ip": "168.138.124.134",
            "region": "sa-saopaulo-1",
            "shape": "VM.Standard.E3.Flex",
            "shape_config": [
              {
                "baseline_ocpu_utilization": "",
                "gpu_description": "",
                "gpus": 0,
                "local_disk_description": "",
                "local_disks": 0,
                "local_disks_total_size_in_gbs": 0,
                "max_vnic_attachments": 4,
                "memory_in_gbs": 8,
                "networking_bandwidth_in_gbps": 4,
                "nvmes": 0,
                "ocpus": 4,
                "processor_description": "2.25 GHz AMD EPYC™ 7742 (Rome)",
                "vcpus": 8
              }
            ],
            "source_details": [
              {
                "boot_volume_size_in_gbs": "50",
                "boot_volume_vpus_per_gb": "10",
                "instance_source_image_filter_details": [],
                "kms_key_id": "",
                "source_id": "ocid1.image.oc1.sa-saopaulo-1.aaaaaaaaaqqu7h5rkavka5z2343l64qdfp445c6wyfbmvrphmoy4377xa4aa",
                "source_type": "image"
              }
            ],
            "state": "RUNNING",
            "subnet_id": "ocid1.subnet.oc1.sa-saopaulo-1.aaaaaaaamtlphhnbskdgzrusk5af4agz4htyfdxdhrdwi2co4cctmhbbnhpa",
            "system_tags": {},
            "time_created": "2023-11-27 17:01:52.667 +0000 UTC",
            "time_maintenance_reboot_due": "",
            "timeouts": null,
            "update_operation_constraint": null
          },
          "sensitive_attributes": [],
          "private": "eyJlMmJmYjczMC1lY2FhLTExZTYtOGY4OC0zNDM2M2JjN2M0YzAiOnsiY3JlYXRlIjoyNzAwMDAwMDAwMDAwLCJkZWxldGUiOjQ1MDAwMDAwMDAwMDAsInVwZGF0ZSI6MjcwMDAwMDAwMDAwMH19",
          "dependencies": [
            "data.oci_identity_availability_domains.ads",
            "data.template_file.k8s-2-cloud-config"
          ]
        }
      ]
    },
    {
      "mode": "managed",
      "type": "oci_core_instance",
      "name": "rancher-server",
      "provider": "provider[\"registry.terraform.io/hashicorp/oci\"]",
      "instances": [
        {
          "schema_version": 0,
          "attributes": {
            "agent_config": [
              {
                "are_all_plugins_disabled": false,
                "is_management_disabled": false,
                "is_monitoring_disabled": false,
                "plugins_config": []
              }
            ],
            "async": null,
            "availability_config": [
              {
                "is_live_migration_preferred": false,
                "recovery_action": "RESTORE_INSTANCE"
              }
            ],
            "availability_domain": "otyN:SA-SAOPAULO-1-AD-1",
            "boot_volume_id": "ocid1.bootvolume.oc1.sa-saopaulo-1.abtxeljr2wemxjkvku7ubwtncdij6npz3fhsrcoewaeeapmp44pctklqrk3q",
            "capacity_reservation_id": null,
            "compartment_id": "ocid1.compartment.oc1..aaaaaaaanfutlss2ndwqusftp5yz3g2oaxgf3zvbzsbxc2n4a5aq3nrlynsa",
            "compute_cluster_id": null,
            "create_vnic_details": [
              {
                "assign_ipv6ip": false,
                "assign_private_dns_record": false,
                "assign_public_ip": "true",
                "defined_tags": {
                  "Oracle-Tags.CreatedBy": "default/leandrolsnr@gmail.com",
                  "Oracle-Tags.CreatedOn": "2023-11-27T17:01:52.226Z"
                },
                "display_name": "rancher-server",
                "freeform_tags": {},
                "hostname_label": "rancher-server",
                "ipv6address_ipv6subnet_cidr_pair_details": [],
                "nsg_ids": [],
                "private_ip": "10.0.0.136",
                "skip_source_dest_check": false,
                "subnet_id": "ocid1.subnet.oc1.sa-saopaulo-1.aaaaaaaamtlphhnbskdgzrusk5af4agz4htyfdxdhrdwi2co4cctmhbbnhpa",
                "vlan_id": ""
              }
            ],
            "dedicated_vm_host_id": null,
            "defined_tags": {
              "Oracle-Tags.CreatedBy": "default/leandrolsnr@gmail.com",
              "Oracle-Tags.CreatedOn": "2023-11-27T17:01:52.104Z"
            },
            "display_name": "rancher-server",
            "extended_metadata": {},
            "fault_domain": "FAULT-DOMAIN-3",
            "freeform_tags": {},
            "hostname_label": "rancher-server",
            "id": "ocid1.instance.oc1.sa-saopaulo-1.antxeljrywwesnacigdpxboomcjks57ffpib6pmmsp46u4sp4agbogip65rq",
            "image": "ocid1.image.oc1.sa-saopaulo-1.aaaaaaaaaqqu7h5rkavka5z2343l64qdfp445c6wyfbmvrphmoy4377xa4aa",
            "instance_configuration_id": null,
            "instance_options": [
              {
                "are_legacy_imds_endpoints_disabled": false
              }
            ],
            "ipxe_script": null,
            "is_cross_numa_node": false,
            "is_pv_encryption_in_transit_enabled": null,
            "launch_mode": "PARAVIRTUALIZED",
            "launch_options": [
              {
                "boot_volume_type": "PARAVIRTUALIZED",
                "firmware": "UEFI_64",
                "is_consistent_volume_naming_enabled": true,
                "is_pv_encryption_in_transit_enabled": false,
                "network_type": "PARAVIRTUALIZED",
                "remote_data_volume_type": "PARAVIRTUALIZED"
              }
            ],
            "metadata": {
              "ssh_authorized_keys": "ssh-rsa AAAAB3NzaC1yc2EAAAADAQABAAABgQCmMRGj3f+fwqjkkw2kfC9WC/clfC8oJkdPOOfU055Q6HmMrYRCZ77MRS6NoLjnon2RvA9MXebCko8hBuX1/75LN3CnXesqysuHjcwg8Ee5rMHopORX6ikx/XanNCRx1rLM1Gx7eD5TqIg5PyxIGDmJZqIqkFHhnZk5nPpnOZJXhhX4QAfZnpPiIo3XHWeC3YwUzeC+PFAU3fD0Rznttua930dXzm6bI3ft7SjBtD5xqWv3pgzAy3/6yzNMsjA2KPOM9UHHVUwUEbO13HRBOrqZdvCQG106gjYrRtvir0Q86PlpxhZhUbpS/oUISJnlXzYhT6HXSoew9j/dn7DDUxNzw6sa5moUKLIbkTBAxNjOKbJho1NIlqoSXio4SZqN5LoNA0z5ALsVdPliPd0ZYpMHw/QvgkS+BZtgUa5w19Max3oove8i26zCyxBaBVfQk4XKVt/kjrEo7Dwt+ukw62YJp1LcovkuYyzLOxCfBBrSCHNfQ7APoYW3QfENzyP7aTk= .ronsal@Leandros-iMac-Pro.local\n",
              "user_data": "I2Nsb3VkLWNvbmZpZwoKd3JpdGVfZmlsZXM6CiAgLSAgIHBhdGg6IC9ob21lL3VidW50dS9zZXR1cC5zaAogICAgICBkZWZlcjogdHJ1ZQogICAgICBwZXJtaXNzaW9uczogIjA3NzciCiAgICAgIG93bmVyOiB1YnVudHU6dWJ1bnR1CiAgICAgIGVuY29kaW5nOiBiNjQKICAgICAgY29udGVudDogSXlFdlltbHVMMkpoYzJnS2MzVmtieUJqZFhKc0lHaDBkSEJ6T2k4dmNtVnNaV0Z6WlhNdWNtRnVZMmhsY2k1amIyMHZhVzV6ZEdGc2JDMWtiMk5yWlhJdk1qQXVNVEF1YzJnZ2ZDQnphQXB6ZFdSdklIVnpaWEp0YjJRZ0xXRkhJR1J2WTJ0bGNpQjFZblZ1ZEhVS2MzVmtieUJ6WldRZ0xXa2dMV1VnSnlSaGJtVjBMbUp5YVdSblpTNWljbWxrWjJVdGJtWXRZMkZzYkMxcGNIUmhZbXhsY3oweEp5QXZaWFJqTDNONWMyTjBiQzVqYjI1bUNuTjFaRzhnYzNselkzUnNJQzF3SUM5bGRHTXZjM2x6WTNSc0xtTnZibVlLYVdZZ1d5QWtLR2h2YzNSdVlXMWxLU0E5UFNBaWNtRnVZMmhsY2kxelpYSjJaWElpSUYwS2RHaGxiZ29nSUhOMVpHOGdaRzlqYTJWeUlISjFiaUF0WkNBdExYSmxjM1JoY25ROWRXNXNaWE56TFhOMGIzQndaV1FnTFhBZ09EQTZPREFnTFhBZ05EUXpPalEwTXlBdGRpQXZiM0IwTDNKaGJtTm9aWEk2TDNaaGNpOXNhV0l2Y21GdVkyaGxjaUF0TFhCeWFYWnBiR1ZuWldRZ2NtRnVZMmhsY2k5eVlXNWphR1Z5T25OMFlXSnNaUXBtYVE9PQoKcnVuY21kOgogLSBiYXNoIC9ob21lL3VidW50dS9zZXR1cC5zaAo="
            },
            "platform_config": [],
            "preemptible_instance_config": [],
            "preserve_boot_volume": null,
            "private_ip": "10.0.0.136",
            "public_ip": "129.148.63.254",
            "region": "sa-saopaulo-1",
            "shape": "VM.Standard.E3.Flex",
            "shape_config": [
              {
                "baseline_ocpu_utilization": "",
                "gpu_description": "",
                "gpus": 0,
                "local_disk_description": "",
                "local_disks": 0,
                "local_disks_total_size_in_gbs": 0,
                "max_vnic_attachments": 4,
                "memory_in_gbs": 8,
                "networking_bandwidth_in_gbps": 4,
                "nvmes": 0,
                "ocpus": 4,
                "processor_description": "2.25 GHz AMD EPYC™ 7742 (Rome)",
                "vcpus": 8
              }
            ],
            "source_details": [
              {
                "boot_volume_size_in_gbs": "50",
                "boot_volume_vpus_per_gb": "10",
                "instance_source_image_filter_details": [],
                "kms_key_id": "",
                "source_id": "ocid1.image.oc1.sa-saopaulo-1.aaaaaaaaaqqu7h5rkavka5z2343l64qdfp445c6wyfbmvrphmoy4377xa4aa",
                "source_type": "image"
              }
            ],
            "state": "RUNNING",
            "subnet_id": "ocid1.subnet.oc1.sa-saopaulo-1.aaaaaaaamtlphhnbskdgzrusk5af4agz4htyfdxdhrdwi2co4cctmhbbnhpa",
            "system_tags": {},
            "time_created": "2023-11-27 17:01:52.54 +0000 UTC",
            "time_maintenance_reboot_due": "",
            "timeouts": null,
            "update_operation_constraint": null
          },
          "sensitive_attributes": [],
          "private": "eyJlMmJmYjczMC1lY2FhLTExZTYtOGY4OC0zNDM2M2JjN2M0YzAiOnsiY3JlYXRlIjoyNzAwMDAwMDAwMDAwLCJkZWxldGUiOjQ1MDAwMDAwMDAwMDAsInVwZGF0ZSI6MjcwMDAwMDAwMDAwMH19",
          "dependencies": [
            "data.oci_identity_availability_domains.ads",
            "data.template_file.rancher-server-cloud-config"
          ]
        }
      ]
    },
    {
      "mode": "managed",
      "type": "oci_dns_rrset",
      "name": "nodes",
      "provider": "provider[\"registry.terraform.io/hashicorp/oci\"]",
      "instances": [
        {
          "index_key": 0,
          "schema_version": 0,
          "attributes": {
            "compartment_id": null,
            "domain": "*.rancher.ronsal.com.br",
            "id": "zoneNameOrId/ocid1.dns-zone.oc1..aaaaaaaalglnlvvuizbyt22ir2wbrsx37w2zdktwdzymixn7gzjptbelwnja/domain/%2A.rancher.ronsal.com.br/rtype/A",
            "items": [
              {
                "domain": "*.rancher.ronsal.com.br",
                "is_protected": false,
                "rdata": "146.235.51.239",
                "record_hash": "c92f034925904e1a5bc351dd30391825",
                "rrset_version": "96",
                "rtype": "A",
                "ttl": 3600
              },
              {
                "domain": "*.rancher.ronsal.com.br",
                "is_protected": false,
                "rdata": "168.138.124.134",
                "record_hash": "307b3593bcd8f71100b4fb9a95d80520",
                "rrset_version": "96",
                "rtype": "A",
                "ttl": 3600
              }
            ],
            "rtype": "A",
            "scope": null,
            "timeouts": null,
            "view_id": null,
            "zone_name_or_id": "ocid1.dns-zone.oc1..aaaaaaaalglnlvvuizbyt22ir2wbrsx37w2zdktwdzymixn7gzjptbelwnja"
          },
          "sensitive_attributes": [],
          "private": "eyJlMmJmYjczMC1lY2FhLTExZTYtOGY4OC0zNDM2M2JjN2M0YzAiOnsiY3JlYXRlIjoxMjAwMDAwMDAwMDAwLCJkZWxldGUiOjEyMDAwMDAwMDAwMDAsInVwZGF0ZSI6MTIwMDAwMDAwMDAwMH19",
          "dependencies": [
            "data.oci_identity_availability_domains.ads",
            "data.template_file.k8s-1-cloud-config",
            "data.template_file.k8s-2-cloud-config",
            "data.template_file.rancher-server-cloud-config",
            "oci_core_instance.k8s-1",
            "oci_core_instance.k8s-2",
            "oci_core_instance.rancher-server",
            "oci_dns_rrset.rancher_server"
          ]
        }
      ]
    },
    {
      "mode": "managed",
      "type": "oci_dns_rrset",
      "name": "rancher_server",
      "provider": "provider[\"registry.terraform.io/hashicorp/oci\"]",
      "instances": [
        {
          "schema_version": 0,
          "attributes": {
            "compartment_id": "ocid1.compartment.oc1..aaaaaaaanfutlss2ndwqusftp5yz3g2oaxgf3zvbzsbxc2n4a5aq3nrlynsa",
            "domain": "rancher.ronsal.com.br",
            "id": "zoneNameOrId/ocid1.dns-zone.oc1..aaaaaaaalglnlvvuizbyt22ir2wbrsx37w2zdktwdzymixn7gzjptbelwnja/domain/rancher.ronsal.com.br/rtype/A",
            "items": [
              {
                "domain": "rancher.ronsal.com.br",
                "is_protected": false,
                "rdata": "129.148.63.254",
                "record_hash": "12f0637f1d2bdfc763d0d0e2778ed0ef",
                "rrset_version": "95",
                "rtype": "A",
                "ttl": 3600
              }
            ],
            "rtype": "A",
            "scope": null,
            "timeouts": null,
            "view_id": null,
            "zone_name_or_id": "ocid1.dns-zone.oc1..aaaaaaaalglnlvvuizbyt22ir2wbrsx37w2zdktwdzymixn7gzjptbelwnja"
          },
          "sensitive_attributes": [],
          "private": "eyJlMmJmYjczMC1lY2FhLTExZTYtOGY4OC0zNDM2M2JjN2M0YzAiOnsiY3JlYXRlIjoxMjAwMDAwMDAwMDAwLCJkZWxldGUiOjEyMDAwMDAwMDAwMDAsInVwZGF0ZSI6MTIwMDAwMDAwMDAwMH19",
          "dependencies": [
            "data.oci_identity_availability_domains.ads",
            "data.template_file.rancher-server-cloud-config",
            "oci_core_instance.rancher-server"
          ]
        }
      ]
    }
  ],
  "check_results": null
}
